{
  "dependencies": {
    "rethinkdb": {
      "version": "2.0.0",
      "dependencies": {
        "bluebird": {
          "version": "2.9.25"
        }
      }
    },
    "rethinkdbdash": {
      "version": "2.0.9",
      "dependencies": {
        "bluebird": {
          "version": "2.9.25"
        }
      }
    }
  }
}
